// !$*UTF8*$!
{
	archiveVersion = 1;
	classes = {};
	objectVersion = 56;
	objects = {
		/* Begin PBXBuildFile section */
		5E0DE21ABF0F6080714DD4FA /* BaselineApp.swift in Sources */ = {isa = PBXBuildFile; fileRef = 5FE4C6552910BC66B2F9C32E /* BaselineApp.swift */; };
		0C35137312C5D91072B68CEB /* RootView.swift in Sources */ = {isa = PBXBuildFile; fileRef = 4C37D314E1EE609AB0D1AA54 /* RootView.swift */; };
		C142A716F1E02586338D96D5 /* MainTabView.swift in Sources */ = {isa = PBXBuildFile; fileRef = D04134802DACA60F9336AA8A /* MainTabView.swift */; };
		D9D2B0ECC3C54752BA8F18F6 /* AppAppearance.swift in Sources */ = {isa = PBXBuildFile; fileRef = CA85B7737E120FDB408E8624 /* AppAppearance.swift */; };
		DE23AA8D07A10923D2D4083C /* Theme.swift in Sources */ = {isa = PBXBuildFile; fileRef = A6F5E1342A0971DED7FE1569 /* Theme.swift */; };
		9DD4B933E589CED6CFDE902E /* AuthManager.swift in Sources */ = {isa = PBXBuildFile; fileRef = 5794C350492F37C23836E95B /* AuthManager.swift */; };
		0E4FF62A28B6F6CFF55CAC76 /* LoginView.swift in Sources */ = {isa = PBXBuildFile; fileRef = 2008FE06231111BE741C0959 /* LoginView.swift */; };
		6F02740A4493064C36974A5C /* SignUpView.swift in Sources */ = {isa = PBXBuildFile; fileRef = 312D9411ADC04B76CD5CDEF5 /* SignUpView.swift */; };
		31DCB6DD09E363D4F0EAFB08 /* OnboardingFlow.swift in Sources */ = {isa = PBXBuildFile; fileRef = BC47599CB0DA77AE2C38976D /* OnboardingFlow.swift */; };
		FC16D3F6DD3B3DDF531B9B63 /* OnboardingViewModel.swift in Sources */ = {isa = PBXBuildFile; fileRef = 932AF49F937F7FBC2FFEB129 /* OnboardingViewModel.swift */; };
		4BD5B8707DED43A79DF5E81F /* OnboardingContentPage.swift in Sources */ = {isa = PBXBuildFile; fileRef = 8DE0E45DEA615411788A7FD5 /* OnboardingContentPage.swift */; };
		E3E2EA407E5290576930E0EE /* OnboardingScreen1.swift in Sources */ = {isa = PBXBuildFile; fileRef = 9AA58BE4BB5BBE3904665926 /* OnboardingScreen1.swift */; };
		2A7429190FB8CAC983B3B537 /* OnboardingScreen2.swift in Sources */ = {isa = PBXBuildFile; fileRef = 7F393ADDB96F63721A8FFAE4 /* OnboardingScreen2.swift */; };
		7F0FC4FC3422222475D109E0 /* OnboardingScreen3.swift in Sources */ = {isa = PBXBuildFile; fileRef = 4BD9598F3BC6277E598D9108 /* OnboardingScreen3.swift */; };
		34404048E498C1E03509F682 /* LongTermGoalsView.swift in Sources */ = {isa = PBXBuildFile; fileRef = CE520C6F6FAFA10CFAF74232 /* LongTermGoalsView.swift */; };
		EE1C2A2929D3059B9688A223 /* OnboardingScreen4.swift in Sources */ = {isa = PBXBuildFile; fileRef = 43D05D4B3731A6E4AF3DC2FD /* OnboardingScreen4.swift */; };
		0552EE7FB199F596462DCEA8 /* OnboardingSetupView.swift in Sources */ = {isa = PBXBuildFile; fileRef = 6FD2D1942C6F83AE51ABB825 /* OnboardingSetupView.swift */; };
		6F4269B2416D0EE9322D46D8 /* HomeView.swift in Sources */ = {isa = PBXBuildFile; fileRef = 17D342AAC3BA8FC7627357A3 /* HomeView.swift */; };
		C5874BF0343B0D25B64D8125 /* StreakCardView.swift in Sources */ = {isa = PBXBuildFile; fileRef = 8267CFA4ED85E90E55730295 /* StreakCardView.swift */; };
		2550B7F1C254F0B2419066AE /* MountainProgressView.swift in Sources */ = {isa = PBXBuildFile; fileRef = 4B3B98D4C117ED6DC483FC3F /* MountainProgressView.swift */; };
		37194184301A1F5B71994BC9 /* HomeViewModel.swift in Sources */ = {isa = PBXBuildFile; fileRef = 4E4AB3E8305BD5FFE5992D8D /* HomeViewModel.swift */; };
		8EFC569FA191E8EA50F683EE /* CheckInFlow.swift in Sources */ = {isa = PBXBuildFile; fileRef = 3EE8EE36DE26BF93A36A57D0 /* CheckInFlow.swift */; };
		5D8F4C816EB45D7A01CE0E66 /* ReflectionQuestionBank.swift in Sources */ = {isa = PBXBuildFile; fileRef = C5176A819F08F6DB44D7C8EA /* ReflectionQuestionBank.swift */; };
		2060F6C2BA78B472B63964FB /* GoalReviewView.swift in Sources */ = {isa = PBXBuildFile; fileRef = 4D305ACAA55B61A95B7AF503 /* GoalReviewView.swift */; };
		D94E6FCC19D79CC7D2AF0EA0 /* ReflectionView.swift in Sources */ = {isa = PBXBuildFile; fileRef = A0E99BA8E811BDBF52BBA4F2 /* ReflectionView.swift */; };
		E82965FCD0B2B27FCC2E789E /* PlanTomorrowView.swift in Sources */ = {isa = PBXBuildFile; fileRef = 83983ED90056E229F29C9AB4 /* PlanTomorrowView.swift */; };
		2A9E66FE5C9B0B98644D959D /* DayResultView.swift in Sources */ = {isa = PBXBuildFile; fileRef = B5ADCA39B4074EA276E9A30E /* DayResultView.swift */; };
		2AFE07ED8A6AE24FF265F9F6 /* CheckInViewModel.swift in Sources */ = {isa = PBXBuildFile; fileRef = E9A2C63B3A5D216DE0A752EB /* CheckInViewModel.swift */; };
		68539ABC4A0D63EB93BA87BA /* CoachView.swift in Sources */ = {isa = PBXBuildFile; fileRef = 914BFF291F91B02A1B6F1E28 /* CoachView.swift */; };
		6654AC20F808F4175B77E7D2 /* CoachMessageView.swift in Sources */ = {isa = PBXBuildFile; fileRef = 3CE984C9EFE47A97B70161E9 /* CoachMessageView.swift */; };
		15A6D3D445E318FEA86B26E1 /* CoachViewModel.swift in Sources */ = {isa = PBXBuildFile; fileRef = 7AF6656B11CE5A0C57F05AE2 /* CoachViewModel.swift */; };
		A4867CF01E310D958B24E1A0 /* TimersView.swift in Sources */ = {isa = PBXBuildFile; fileRef = 44B77DBBDB364B8E93DE4DD3 /* TimersView.swift */; };
		56EF0D401BEEC12A4AD9B238 /* TimerRunningView.swift in Sources */ = {isa = PBXBuildFile; fileRef = E308D47A18F6E37487252D19 /* TimerRunningView.swift */; };
		A662F34E22649362D3EB63E1 /* TimersViewModel.swift in Sources */ = {isa = PBXBuildFile; fileRef = 5025562389B64AD44588BDE7 /* TimersViewModel.swift */; };
		746AE8DDB14780009B72D4B4 /* ProfileView.swift in Sources */ = {isa = PBXBuildFile; fileRef = A88709E586399A4A329C89B9 /* ProfileView.swift */; };
		EB15A0718738422AD6ACFE8D /* ProfileViewModel.swift in Sources */ = {isa = PBXBuildFile; fileRef = 98BAF7D07B3644A07DF82DA3 /* ProfileViewModel.swift */; };
		727304021A801ADCC9E07B16 /* GateView.swift in Sources */ = {isa = PBXBuildFile; fileRef = A2C0E4F89A5BB53D6D8BB625 /* GateView.swift */; };
		3D2BCB1768F6B71225E907CB /* GateViewModel.swift in Sources */ = {isa = PBXBuildFile; fileRef = CC90BA7A5C409C572BACD722 /* GateViewModel.swift */; };
		3E2110B9495571A5949C77B0 /* FutureSelfView.swift in Sources */ = {isa = PBXBuildFile; fileRef = 4BDD347F9F4AB6C2298A7A1A /* FutureSelfView.swift */; };
		14EA1464EDCFFDA13CB1BA62 /* FutureSelfViewModel.swift in Sources */ = {isa = PBXBuildFile; fileRef = 60877121E2D87975A8E9F5C3 /* FutureSelfViewModel.swift */; };
		A862E15E09B066A448DDDEF6 /* MessageToSelfView.swift in Sources */ = {isa = PBXBuildFile; fileRef = 29548596F5B06562F77B2B01 /* MessageToSelfView.swift */; };
		5D771EB004A6C5126FD24E39 /* MessageToSelfViewModel.swift in Sources */ = {isa = PBXBuildFile; fileRef = DACF091A817C46118A039BEE /* MessageToSelfViewModel.swift */; };
		D2DFAB4B9C3D45C47FE64D12 /* APIClient.swift in Sources */ = {isa = PBXBuildFile; fileRef = 6EE7331C8B388BA541E1D568 /* APIClient.swift */; };
		F21292B108D8F8E8A5682F0A /* SupabaseClient.swift in Sources */ = {isa = PBXBuildFile; fileRef = 08F4BA43136128735870109E /* SupabaseClient.swift */; };
		70CBD2549FCE6BC0BDCB8616 /* BaselineButton.swift in Sources */ = {isa = PBXBuildFile; fileRef = E5A59493EDD2FB7537AEB63A /* BaselineButton.swift */; };
		C9472F0F47EC19B4494D5682 /* CoachAssistModal.swift in Sources */ = {isa = PBXBuildFile; fileRef = E139E94FB0CDB06D24016936 /* CoachAssistModal.swift */; };
		0F26F50F72670CFA024BD801 /* GoalRowView.swift in Sources */ = {isa = PBXBuildFile; fileRef = 9B484467123090B33E3DBBE9 /* GoalRowView.swift */; };
		92CFA8E6D005F34CBDCD7F0D /* StreakBadgeView.swift in Sources */ = {isa = PBXBuildFile; fileRef = 97422CB03118E22AF0BD3C4E /* StreakBadgeView.swift */; };
		C6C057D4D19715C9D5E6F320 /* Day.swift in Sources */ = {isa = PBXBuildFile; fileRef = 55A04E285286A102A6C50238 /* Day.swift */; };
		72C8465FE06F57180726CA23 /* Goal.swift in Sources */ = {isa = PBXBuildFile; fileRef = 73F95525607039C9E523ADC0 /* Goal.swift */; };
		431137B200E7D030B5D4727F /* Streak.swift in Sources */ = {isa = PBXBuildFile; fileRef = A96B6265938506520257452A /* Streak.swift */; };
		B73661F554C1BB05F9D88836 /* CheckIn.swift in Sources */ = {isa = PBXBuildFile; fileRef = D0A5F4BD29527E8C4913FD02 /* CheckIn.swift */; };
		A2A85EAB5C1F5590D83F808C /* User.swift in Sources */ = {isa = PBXBuildFile; fileRef = 59F59A4FB83443B010494451 /* User.swift */; };
		1FE6D07231FB76EDCE3465DE /* Supabase in Frameworks */ = {isa = PBXBuildFile; productRef = 1BCE04DD600D4C8937E2F854 /* Supabase */; };
		B1A470A385B94821523224FB /* Assets.xcassets in Resources */ = {isa = PBXBuildFile; fileRef = 77662A0A2EB11391013C8423 /* Assets.xcassets */; };
		/* End PBXBuildFile section */

		/* Begin PBXFileReference section */
		45AA670A85570412EAB09AB9 /* Baseline.app */ = {isa = PBXFileReference; explicitFileType = wrapper.application; includeInIndex = 0; path = Baseline.app; sourceTree = BUILT_PRODUCTS_DIR; };
		5FE4C6552910BC66B2F9C32E /* BaselineApp.swift */ = {isa = PBXFileReference; lastKnownFileType = sourcecode.swift; path = BaselineApp.swift; sourceTree = "<group>"; };
		4C37D314E1EE609AB0D1AA54 /* RootView.swift */ = {isa = PBXFileReference; lastKnownFileType = sourcecode.swift; path = RootView.swift; sourceTree = "<group>"; };
		D04134802DACA60F9336AA8A /* MainTabView.swift */ = {isa = PBXFileReference; lastKnownFileType = sourcecode.swift; path = MainTabView.swift; sourceTree = "<group>"; };
		CA85B7737E120FDB408E8624 /* AppAppearance.swift */ = {isa = PBXFileReference; lastKnownFileType = sourcecode.swift; path = AppAppearance.swift; sourceTree = "<group>"; };
		A6F5E1342A0971DED7FE1569 /* Theme.swift */ = {isa = PBXFileReference; lastKnownFileType = sourcecode.swift; path = Theme.swift; sourceTree = "<group>"; };
		5794C350492F37C23836E95B /* AuthManager.swift */ = {isa = PBXFileReference; lastKnownFileType = sourcecode.swift; path = AuthManager.swift; sourceTree = "<group>"; };
		2008FE06231111BE741C0959 /* LoginView.swift */ = {isa = PBXFileReference; lastKnownFileType = sourcecode.swift; path = LoginView.swift; sourceTree = "<group>"; };
		312D9411ADC04B76CD5CDEF5 /* SignUpView.swift */ = {isa = PBXFileReference; lastKnownFileType = sourcecode.swift; path = SignUpView.swift; sourceTree = "<group>"; };
		BC47599CB0DA77AE2C38976D /* OnboardingFlow.swift */ = {isa = PBXFileReference; lastKnownFileType = sourcecode.swift; path = OnboardingFlow.swift; sourceTree = "<group>"; };
		932AF49F937F7FBC2FFEB129 /* OnboardingViewModel.swift */ = {isa = PBXFileReference; lastKnownFileType = sourcecode.swift; path = OnboardingViewModel.swift; sourceTree = "<group>"; };
		8DE0E45DEA615411788A7FD5 /* OnboardingContentPage.swift */ = {isa = PBXFileReference; lastKnownFileType = sourcecode.swift; path = OnboardingContentPage.swift; sourceTree = "<group>"; };
		9AA58BE4BB5BBE3904665926 /* OnboardingScreen1.swift */ = {isa = PBXFileReference; lastKnownFileType = sourcecode.swift; path = OnboardingScreen1.swift; sourceTree = "<group>"; };
		7F393ADDB96F63721A8FFAE4 /* OnboardingScreen2.swift */ = {isa = PBXFileReference; lastKnownFileType = sourcecode.swift; path = OnboardingScreen2.swift; sourceTree = "<group>"; };
		4BD9598F3BC6277E598D9108 /* OnboardingScreen3.swift */ = {isa = PBXFileReference; lastKnownFileType = sourcecode.swift; path = OnboardingScreen3.swift; sourceTree = "<group>"; };
		CE520C6F6FAFA10CFAF74232 /* LongTermGoalsView.swift */ = {isa = PBXFileReference; lastKnownFileType = sourcecode.swift; path = LongTermGoalsView.swift; sourceTree = "<group>"; };
		43D05D4B3731A6E4AF3DC2FD /* OnboardingScreen4.swift */ = {isa = PBXFileReference; lastKnownFileType = sourcecode.swift; path = OnboardingScreen4.swift; sourceTree = "<group>"; };
		6FD2D1942C6F83AE51ABB825 /* OnboardingSetupView.swift */ = {isa = PBXFileReference; lastKnownFileType = sourcecode.swift; path = OnboardingSetupView.swift; sourceTree = "<group>"; };
		17D342AAC3BA8FC7627357A3 /* HomeView.swift */ = {isa = PBXFileReference; lastKnownFileType = sourcecode.swift; path = HomeView.swift; sourceTree = "<group>"; };
		8267CFA4ED85E90E55730295 /* StreakCardView.swift */ = {isa = PBXFileReference; lastKnownFileType = sourcecode.swift; path = StreakCardView.swift; sourceTree = "<group>"; };
		4B3B98D4C117ED6DC483FC3F /* MountainProgressView.swift */ = {isa = PBXFileReference; lastKnownFileType = sourcecode.swift; path = MountainProgressView.swift; sourceTree = "<group>"; };
		4E4AB3E8305BD5FFE5992D8D /* HomeViewModel.swift */ = {isa = PBXFileReference; lastKnownFileType = sourcecode.swift; path = HomeViewModel.swift; sourceTree = "<group>"; };
		3EE8EE36DE26BF93A36A57D0 /* CheckInFlow.swift */ = {isa = PBXFileReference; lastKnownFileType = sourcecode.swift; path = CheckInFlow.swift; sourceTree = "<group>"; };
		C5176A819F08F6DB44D7C8EA /* ReflectionQuestionBank.swift */ = {isa = PBXFileReference; lastKnownFileType = sourcecode.swift; path = ReflectionQuestionBank.swift; sourceTree = "<group>"; };
		4D305ACAA55B61A95B7AF503 /* GoalReviewView.swift */ = {isa = PBXFileReference; lastKnownFileType = sourcecode.swift; path = GoalReviewView.swift; sourceTree = "<group>"; };
		A0E99BA8E811BDBF52BBA4F2 /* ReflectionView.swift */ = {isa = PBXFileReference; lastKnownFileType = sourcecode.swift; path = ReflectionView.swift; sourceTree = "<group>"; };
		83983ED90056E229F29C9AB4 /* PlanTomorrowView.swift */ = {isa = PBXFileReference; lastKnownFileType = sourcecode.swift; path = PlanTomorrowView.swift; sourceTree = "<group>"; };
		B5ADCA39B4074EA276E9A30E /* DayResultView.swift */ = {isa = PBXFileReference; lastKnownFileType = sourcecode.swift; path = DayResultView.swift; sourceTree = "<group>"; };
		E9A2C63B3A5D216DE0A752EB /* CheckInViewModel.swift */ = {isa = PBXFileReference; lastKnownFileType = sourcecode.swift; path = CheckInViewModel.swift; sourceTree = "<group>"; };
		914BFF291F91B02A1B6F1E28 /* CoachView.swift */ = {isa = PBXFileReference; lastKnownFileType = sourcecode.swift; path = CoachView.swift; sourceTree = "<group>"; };
		3CE984C9EFE47A97B70161E9 /* CoachMessageView.swift */ = {isa = PBXFileReference; lastKnownFileType = sourcecode.swift; path = CoachMessageView.swift; sourceTree = "<group>"; };
		7AF6656B11CE5A0C57F05AE2 /* CoachViewModel.swift */ = {isa = PBXFileReference; lastKnownFileType = sourcecode.swift; path = CoachViewModel.swift; sourceTree = "<group>"; };
		44B77DBBDB364B8E93DE4DD3 /* TimersView.swift */ = {isa = PBXFileReference; lastKnownFileType = sourcecode.swift; path = TimersView.swift; sourceTree = "<group>"; };
		E308D47A18F6E37487252D19 /* TimerRunningView.swift */ = {isa = PBXFileReference; lastKnownFileType = sourcecode.swift; path = TimerRunningView.swift; sourceTree = "<group>"; };
		5025562389B64AD44588BDE7 /* TimersViewModel.swift */ = {isa = PBXFileReference; lastKnownFileType = sourcecode.swift; path = TimersViewModel.swift; sourceTree = "<group>"; };
		A88709E586399A4A329C89B9 /* ProfileView.swift */ = {isa = PBXFileReference; lastKnownFileType = sourcecode.swift; path = ProfileView.swift; sourceTree = "<group>"; };
		98BAF7D07B3644A07DF82DA3 /* ProfileViewModel.swift */ = {isa = PBXFileReference; lastKnownFileType = sourcecode.swift; path = ProfileViewModel.swift; sourceTree = "<group>"; };
		A2C0E4F89A5BB53D6D8BB625 /* GateView.swift */ = {isa = PBXFileReference; lastKnownFileType = sourcecode.swift; path = GateView.swift; sourceTree = "<group>"; };
		CC90BA7A5C409C572BACD722 /* GateViewModel.swift */ = {isa = PBXFileReference; lastKnownFileType = sourcecode.swift; path = GateViewModel.swift; sourceTree = "<group>"; };
		4BDD347F9F4AB6C2298A7A1A /* FutureSelfView.swift */ = {isa = PBXFileReference; lastKnownFileType = sourcecode.swift; path = FutureSelfView.swift; sourceTree = "<group>"; };
		60877121E2D87975A8E9F5C3 /* FutureSelfViewModel.swift */ = {isa = PBXFileReference; lastKnownFileType = sourcecode.swift; path = FutureSelfViewModel.swift; sourceTree = "<group>"; };
		29548596F5B06562F77B2B01 /* MessageToSelfView.swift */ = {isa = PBXFileReference; lastKnownFileType = sourcecode.swift; path = MessageToSelfView.swift; sourceTree = "<group>"; };
		DACF091A817C46118A039BEE /* MessageToSelfViewModel.swift */ = {isa = PBXFileReference; lastKnownFileType = sourcecode.swift; path = MessageToSelfViewModel.swift; sourceTree = "<group>"; };
		6EE7331C8B388BA541E1D568 /* APIClient.swift */ = {isa = PBXFileReference; lastKnownFileType = sourcecode.swift; path = APIClient.swift; sourceTree = "<group>"; };
		08F4BA43136128735870109E /* SupabaseClient.swift */ = {isa = PBXFileReference; lastKnownFileType = sourcecode.swift; path = SupabaseClient.swift; sourceTree = "<group>"; };
		E5A59493EDD2FB7537AEB63A /* BaselineButton.swift */ = {isa = PBXFileReference; lastKnownFileType = sourcecode.swift; path = BaselineButton.swift; sourceTree = "<group>"; };
		E139E94FB0CDB06D24016936 /* CoachAssistModal.swift */ = {isa = PBXFileReference; lastKnownFileType = sourcecode.swift; path = CoachAssistModal.swift; sourceTree = "<group>"; };
		9B484467123090B33E3DBBE9 /* GoalRowView.swift */ = {isa = PBXFileReference; lastKnownFileType = sourcecode.swift; path = GoalRowView.swift; sourceTree = "<group>"; };
		97422CB03118E22AF0BD3C4E /* StreakBadgeView.swift */ = {isa = PBXFileReference; lastKnownFileType = sourcecode.swift; path = StreakBadgeView.swift; sourceTree = "<group>"; };
		55A04E285286A102A6C50238 /* Day.swift */ = {isa = PBXFileReference; lastKnownFileType = sourcecode.swift; path = Day.swift; sourceTree = "<group>"; };
		73F95525607039C9E523ADC0 /* Goal.swift */ = {isa = PBXFileReference; lastKnownFileType = sourcecode.swift; path = Goal.swift; sourceTree = "<group>"; };
		A96B6265938506520257452A /* Streak.swift */ = {isa = PBXFileReference; lastKnownFileType = sourcecode.swift; path = Streak.swift; sourceTree = "<group>"; };
		D0A5F4BD29527E8C4913FD02 /* CheckIn.swift */ = {isa = PBXFileReference; lastKnownFileType = sourcecode.swift; path = CheckIn.swift; sourceTree = "<group>"; };
		59F59A4FB83443B010494451 /* User.swift */ = {isa = PBXFileReference; lastKnownFileType = sourcecode.swift; path = User.swift; sourceTree = "<group>"; };
		77662A0A2EB11391013C8423 /* Assets.xcassets */ = {isa = PBXFileReference; lastKnownFileType = folder.assetcatalog; path = Assets.xcassets; sourceTree = "<group>"; };
		A78C7E5EB1577BE32CB86B2E /* Config.xcconfig */ = {isa = PBXFileReference; lastKnownFileType = text.xcconfig; path = Config/Config.xcconfig; sourceTree = SOURCE_ROOT; };
		/* End PBXFileReference section */

		/* Begin PBXFrameworksBuildPhase section */
		D0168A09BD4B6FCCA10F760D /* Frameworks */ = {
			isa = PBXFrameworksBuildPhase;
			buildActionMask = 2147483647;
			files = (
				1FE6D07231FB76EDCE3465DE /* Supabase in Frameworks */,
			);
			runOnlyForDeploymentPostprocessing = 0;
		};
		/* End PBXFrameworksBuildPhase section */

		/* Begin PBXGroup section */
		FBEE6D16AD79981BD177318B /* App */ = {isa = PBXGroup; children = (5FE4C6552910BC66B2F9C32E /* BaselineApp.swift */, 4C37D314E1EE609AB0D1AA54 /* RootView.swift */, D04134802DACA60F9336AA8A /* MainTabView.swift */, CA85B7737E120FDB408E8624 /* AppAppearance.swift */); path = App; sourceTree = "<group>"; };
		01CBB04462C2C75E23CCAA0B /* Theme */ = {isa = PBXGroup; children = (A6F5E1342A0971DED7FE1569 /* Theme.swift */); path = Theme; sourceTree = "<group>"; };
		7CE549806B46B8C4FD6A5A9B /* Auth */ = {isa = PBXGroup; children = (5794C350492F37C23836E95B /* AuthManager.swift */, 2008FE06231111BE741C0959 /* LoginView.swift */, 312D9411ADC04B76CD5CDEF5 /* SignUpView.swift */); path = Auth; sourceTree = "<group>"; };
		729C406D2A29B1188B3F72BD /* Onboarding */ = {isa = PBXGroup; children = (BC47599CB0DA77AE2C38976D /* OnboardingFlow.swift */, 932AF49F937F7FBC2FFEB129 /* OnboardingViewModel.swift */, 8DE0E45DEA615411788A7FD5 /* OnboardingContentPage.swift */, 9AA58BE4BB5BBE3904665926 /* OnboardingScreen1.swift */, 7F393ADDB96F63721A8FFAE4 /* OnboardingScreen2.swift */, 4BD9598F3BC6277E598D9108 /* OnboardingScreen3.swift */, CE520C6F6FAFA10CFAF74232 /* LongTermGoalsView.swift */, 43D05D4B3731A6E4AF3DC2FD /* OnboardingScreen4.swift */, 6FD2D1942C6F83AE51ABB825 /* OnboardingSetupView.swift */); path = Onboarding; sourceTree = "<group>"; };
		6E5D68F8C8EB816E3B45E7DE /* Home */ = {isa = PBXGroup; children = (17D342AAC3BA8FC7627357A3 /* HomeView.swift */, 8267CFA4ED85E90E55730295 /* StreakCardView.swift */, 4B3B98D4C117ED6DC483FC3F /* MountainProgressView.swift */, 4E4AB3E8305BD5FFE5992D8D /* HomeViewModel.swift */); path = Home; sourceTree = "<group>"; };
		6A9446131DA7B8F9B887D5E6 /* CheckIn */ = {isa = PBXGroup; children = (3EE8EE36DE26BF93A36A57D0 /* CheckInFlow.swift */, C5176A819F08F6DB44D7C8EA /* ReflectionQuestionBank.swift */, 4D305ACAA55B61A95B7AF503 /* GoalReviewView.swift */, A0E99BA8E811BDBF52BBA4F2 /* ReflectionView.swift */, 83983ED90056E229F29C9AB4 /* PlanTomorrowView.swift */, B5ADCA39B4074EA276E9A30E /* DayResultView.swift */, E9A2C63B3A5D216DE0A752EB /* CheckInViewModel.swift */); path = CheckIn; sourceTree = "<group>"; };
		FA391D00CFD8CBA258E0B03D /* Coach */ = {isa = PBXGroup; children = (914BFF291F91B02A1B6F1E28 /* CoachView.swift */, 3CE984C9EFE47A97B70161E9 /* CoachMessageView.swift */, 7AF6656B11CE5A0C57F05AE2 /* CoachViewModel.swift */); path = Coach; sourceTree = "<group>"; };
		B9E239F025FF564D0A43E80E /* Timers */ = {isa = PBXGroup; children = (44B77DBBDB364B8E93DE4DD3 /* TimersView.swift */, E308D47A18F6E37487252D19 /* TimerRunningView.swift */, 5025562389B64AD44588BDE7 /* TimersViewModel.swift */); path = Timers; sourceTree = "<group>"; };
		FB53991190DC5758AB405A88 /* Profile */ = {isa = PBXGroup; children = (A88709E586399A4A329C89B9 /* ProfileView.swift */, 98BAF7D07B3644A07DF82DA3 /* ProfileViewModel.swift */); path = Profile; sourceTree = "<group>"; };
		CA20791C82D1F5D7EE278B46 /* Gate */ = {isa = PBXGroup; children = (A2C0E4F89A5BB53D6D8BB625 /* GateView.swift */, CC90BA7A5C409C572BACD722 /* GateViewModel.swift */); path = Gate; sourceTree = "<group>"; };
		1F40A799E2800DB35AA606A7 /* FutureSelf */ = {isa = PBXGroup; children = (4BDD347F9F4AB6C2298A7A1A /* FutureSelfView.swift */, 60877121E2D87975A8E9F5C3 /* FutureSelfViewModel.swift */); path = FutureSelf; sourceTree = "<group>"; };
		A4DB9CC1922D34A9C01BC838 /* MessageToSelf */ = {isa = PBXGroup; children = (29548596F5B06562F77B2B01 /* MessageToSelfView.swift */, DACF091A817C46118A039BEE /* MessageToSelfViewModel.swift */); path = MessageToSelf; sourceTree = "<group>"; };
		E8A6015DE0FB215A7597615B /* Components */ = {isa = PBXGroup; children = (E5A59493EDD2FB7537AEB63A /* BaselineButton.swift */, E139E94FB0CDB06D24016936 /* CoachAssistModal.swift */, 9B484467123090B33E3DBBE9 /* GoalRowView.swift */, 97422CB03118E22AF0BD3C4E /* StreakBadgeView.swift */); path = Components; sourceTree = "<group>"; };
		55917A3B3A941C3C96E7C974 /* Shared */ = {isa = PBXGroup; children = (6EE7331C8B388BA541E1D568 /* APIClient.swift */, 08F4BA43136128735870109E /* SupabaseClient.swift */, E8A6015DE0FB215A7597615B /* Components */); path = Shared; sourceTree = "<group>"; };
		911EFEF2409DBFDC60C3A6F0 /* Models */ = {isa = PBXGroup; children = (55A04E285286A102A6C50238 /* Day.swift */, 73F95525607039C9E523ADC0 /* Goal.swift */, A96B6265938506520257452A /* Streak.swift */, D0A5F4BD29527E8C4913FD02 /* CheckIn.swift */, 59F59A4FB83443B010494451 /* User.swift */); path = Models; sourceTree = "<group>"; };
		F2BDFEB172FADCAA9E501AFE /* Baseline */ = {isa = PBXGroup; children = (FBEE6D16AD79981BD177318B /* App */, 01CBB04462C2C75E23CCAA0B /* Theme */, 7CE549806B46B8C4FD6A5A9B /* Auth */, 729C406D2A29B1188B3F72BD /* Onboarding */, 6E5D68F8C8EB816E3B45E7DE /* Home */, 6A9446131DA7B8F9B887D5E6 /* CheckIn */, FA391D00CFD8CBA258E0B03D /* Coach */, B9E239F025FF564D0A43E80E /* Timers */, FB53991190DC5758AB405A88 /* Profile */, CA20791C82D1F5D7EE278B46 /* Gate */, 1F40A799E2800DB35AA606A7 /* FutureSelf */, A4DB9CC1922D34A9C01BC838 /* MessageToSelf */, 55917A3B3A941C3C96E7C974 /* Shared */, 911EFEF2409DBFDC60C3A6F0 /* Models */, 77662A0A2EB11391013C8423 /* Assets.xcassets */); path = Baseline; sourceTree = "<group>"; };
		710DD8E0559C3C9E29BCC9BC /* Products */ = {isa = PBXGroup; children = (45AA670A85570412EAB09AB9 /* Baseline.app */,); name = Products; sourceTree = "<group>"; };
		754146BD1F26C97D454B9BD2 = {isa = PBXGroup; children = (F2BDFEB172FADCAA9E501AFE /* Baseline */, 710DD8E0559C3C9E29BCC9BC /* Products */, A78C7E5EB1577BE32CB86B2E /* Config.xcconfig */,); sourceTree = "<group>"; };
		/* End PBXGroup section */

		/* Begin PBXNativeTarget section */
		D6DB4B5EB260525E936F1BE7 /* Baseline */ = {
			isa = PBXNativeTarget;
			buildConfigurationList = EE5E35ED54C90F6504E51A88 /* Build configuration list for PBXNativeTarget "Baseline" */;
			buildPhases = (
				F95E8ACD12151C885F064E2D /* Sources */,
				D0168A09BD4B6FCCA10F760D /* Frameworks */,
				6DE2E568B496F9D5D0BBFF0B /* Resources */,
			);
			buildRules = ();
			dependencies = ();
			name = Baseline;
			packageProductDependencies = (
				1BCE04DD600D4C8937E2F854 /* Supabase */,
			);
			productName = Baseline;
			productReference = 45AA670A85570412EAB09AB9 /* Baseline.app */;
			productType = "com.apple.product-type.application";
		};
		/* End PBXNativeTarget section */

		/* Begin PBXProject section */
		01B8062E8E9279C71004BF09 /* Project object */ = {
			isa = PBXProject;
			attributes = {BuildIndependentTargetsInParallel = 1; LastSwiftUpdateCheck = 1500; LastUpgradeCheck = 1500;};
			buildConfigurationList = BE2009220DA8D4D26E532F7A /* Build configuration list for PBXProject "Baseline" */;
			compatibilityVersion = "Xcode 14.0";
			developmentRegion = en;
			hasScannedForEncodings = 0;
			knownRegions = (en, Base,);
			mainGroup = 754146BD1F26C97D454B9BD2;
			packageReferences = (
				45F7334398AC10BAEA698967 /* XCRemoteSwiftPackageReference "supabase-swift" */,
			);
			productRefGroup = 710DD8E0559C3C9E29BCC9BC /* Products */;
			projectDirPath = "";
			projectRoot = "";
			targets = (
				D6DB4B5EB260525E936F1BE7 /* Baseline */,
			);
		};
		/* End PBXProject section */

		/* Begin PBXResourcesBuildPhase section */
		6DE2E568B496F9D5D0BBFF0B /* Resources */ = {
			isa = PBXResourcesBuildPhase;
			buildActionMask = 2147483647;
			files = (
				B1A470A385B94821523224FB /* Assets.xcassets in Resources */,
			);
			runOnlyForDeploymentPostprocessing = 0;
		};
		/* End PBXResourcesBuildPhase section */

		/* Begin PBXSourcesBuildPhase section */
		F95E8ACD12151C885F064E2D /* Sources */ = {
			isa = PBXSourcesBuildPhase;
			buildActionMask = 2147483647;
			files = (
				5E0DE21ABF0F6080714DD4FA /* BaselineApp.swift in Sources */,
				0C35137312C5D91072B68CEB /* RootView.swift in Sources */,
				C142A716F1E02586338D96D5 /* MainTabView.swift in Sources */,
				D9D2B0ECC3C54752BA8F18F6 /* AppAppearance.swift in Sources */,
				DE23AA8D07A10923D2D4083C /* Theme.swift in Sources */,
				9DD4B933E589CED6CFDE902E /* AuthManager.swift in Sources */,
				0E4FF62A28B6F6CFF55CAC76 /* LoginView.swift in Sources */,
				6F02740A4493064C36974A5C /* SignUpView.swift in Sources */,
				31DCB6DD09E363D4F0EAFB08 /* OnboardingFlow.swift in Sources */,
				FC16D3F6DD3B3DDF531B9B63 /* OnboardingViewModel.swift in Sources */,
				4BD5B8707DED43A79DF5E81F /* OnboardingContentPage.swift in Sources */,
				E3E2EA407E5290576930E0EE /* OnboardingScreen1.swift in Sources */,
				2A7429190FB8CAC983B3B537 /* OnboardingScreen2.swift in Sources */,
				7F0FC4FC3422222475D109E0 /* OnboardingScreen3.swift in Sources */,
				34404048E498C1E03509F682 /* LongTermGoalsView.swift in Sources */,
				EE1C2A2929D3059B9688A223 /* OnboardingScreen4.swift in Sources */,
				0552EE7FB199F596462DCEA8 /* OnboardingSetupView.swift in Sources */,
				6F4269B2416D0EE9322D46D8 /* HomeView.swift in Sources */,
				C5874BF0343B0D25B64D8125 /* StreakCardView.swift in Sources */,
				2550B7F1C254F0B2419066AE /* MountainProgressView.swift in Sources */,
				37194184301A1F5B71994BC9 /* HomeViewModel.swift in Sources */,
				8EFC569FA191E8EA50F683EE /* CheckInFlow.swift in Sources */,
				5D8F4C816EB45D7A01CE0E66 /* ReflectionQuestionBank.swift in Sources */,
				2060F6C2BA78B472B63964FB /* GoalReviewView.swift in Sources */,
				D94E6FCC19D79CC7D2AF0EA0 /* ReflectionView.swift in Sources */,
				E82965FCD0B2B27FCC2E789E /* PlanTomorrowView.swift in Sources */,
				2A9E66FE5C9B0B98644D959D /* DayResultView.swift in Sources */,
				2AFE07ED8A6AE24FF265F9F6 /* CheckInViewModel.swift in Sources */,
				68539ABC4A0D63EB93BA87BA /* CoachView.swift in Sources */,
				6654AC20F808F4175B77E7D2 /* CoachMessageView.swift in Sources */,
				15A6D3D445E318FEA86B26E1 /* CoachViewModel.swift in Sources */,
				A4867CF01E310D958B24E1A0 /* TimersView.swift in Sources */,
				56EF0D401BEEC12A4AD9B238 /* TimerRunningView.swift in Sources */,
				A662F34E22649362D3EB63E1 /* TimersViewModel.swift in Sources */,
				746AE8DDB14780009B72D4B4 /* ProfileView.swift in Sources */,
				EB15A0718738422AD6ACFE8D /* ProfileViewModel.swift in Sources */,
				727304021A801ADCC9E07B16 /* GateView.swift in Sources */,
				3D2BCB1768F6B71225E907CB /* GateViewModel.swift in Sources */,
				3E2110B9495571A5949C77B0 /* FutureSelfView.swift in Sources */,
				14EA1464EDCFFDA13CB1BA62 /* FutureSelfViewModel.swift in Sources */,
				A862E15E09B066A448DDDEF6 /* MessageToSelfView.swift in Sources */,
				5D771EB004A6C5126FD24E39 /* MessageToSelfViewModel.swift in Sources */,
				D2DFAB4B9C3D45C47FE64D12 /* APIClient.swift in Sources */,
				F21292B108D8F8E8A5682F0A /* SupabaseClient.swift in Sources */,
				70CBD2549FCE6BC0BDCB8616 /* BaselineButton.swift in Sources */,
				C9472F0F47EC19B4494D5682 /* CoachAssistModal.swift in Sources */,
				0F26F50F72670CFA024BD801 /* GoalRowView.swift in Sources */,
				92CFA8E6D005F34CBDCD7F0D /* StreakBadgeView.swift in Sources */,
				C6C057D4D19715C9D5E6F320 /* Day.swift in Sources */,
				72C8465FE06F57180726CA23 /* Goal.swift in Sources */,
				431137B200E7D030B5D4727F /* Streak.swift in Sources */,
				B73661F554C1BB05F9D88836 /* CheckIn.swift in Sources */,
				A2A85EAB5C1F5590D83F808C /* User.swift in Sources */,
			);
			runOnlyForDeploymentPostprocessing = 0;
		};
		/* End PBXSourcesBuildPhase section */

		/* Begin XCRemoteSwiftPackageReference section */
		45F7334398AC10BAEA698967 /* XCRemoteSwiftPackageReference "supabase-swift" */ = {
			isa = XCRemoteSwiftPackageReference;
			repositoryURL = "https://github.com/supabase/supabase-swift";
			requirement = {kind = upToNextMajorVersion; minimumVersion = 2.0.0;};
		};
		/* End XCRemoteSwiftPackageReference section */

		/* Begin XCSwiftPackageProductDependency section */
		1BCE04DD600D4C8937E2F854 /* Supabase */ = {
			isa = XCSwiftPackageProductDependency;
			package = 45F7334398AC10BAEA698967 /* XCRemoteSwiftPackageReference "supabase-swift" */;
			productName = Supabase;
		};
		/* End XCSwiftPackageProductDependency section */

		/* Begin XCBuildConfiguration section */
		388E3F97AC66CCDB1F49DAF6 /* Debug */ = {isa = XCBuildConfiguration; buildSettings = {ALWAYS_SEARCH_USER_PATHS = NO; CLANG_ENABLE_MODULES = YES; SWIFT_VERSION = 5.0;}; name = Debug;};
		9CCF03CF8887255778B0B326 /* Release */ = {isa = XCBuildConfiguration; buildSettings = {ALWAYS_SEARCH_USER_PATHS = NO; CLANG_ENABLE_MODULES = YES; SWIFT_VERSION = 5.0;}; name = Release;};
		5018030A9F1791DE2C44F251 /* Debug */ = {isa = XCBuildConfiguration; baseConfigurationReference = A78C7E5EB1577BE32CB86B2E /* Config.xcconfig */; buildSettings = {
				CODE_SIGN_STYLE = Automatic;
				CURRENT_PROJECT_VERSION = 1;
				DEVELOPMENT_TEAM = "";
				GENERATE_INFOPLIST_FILE = YES;
				INFOPLIST_KEY_SUPABASE_ANON_KEY = $(SUPABASE_ANON_KEY);
				INFOPLIST_KEY_SUPABASE_URL = $(SUPABASE_URL);
				INFOPLIST_KEY_UIUserInterfaceStyle = Dark;
				IPHONEOS_DEPLOYMENT_TARGET = 17.0;
				LD_RUNPATH_SEARCH_PATHS = (
					"$(inherited)",
					"@executable_path/Frameworks",
				);
				MARKETING_VERSION = 1.0;
				PRODUCT_BUNDLE_IDENTIFIER = com.resetbaseline.Baseline;
				PRODUCT_NAME = "$(TARGET_NAME)";
				SDKROOT = iphoneos;
				SWIFT_EMIT_LOC_STRINGS = YES;
				TARGETED_DEVICE_FAMILY = "1,2";
			}; name = Debug;};
		743A92179B5F7CB5AC56B203 /* Release */ = {isa = XCBuildConfiguration; baseConfigurationReference = A78C7E5EB1577BE32CB86B2E /* Config.xcconfig */; buildSettings = {
				CODE_SIGN_STYLE = Automatic;
				CURRENT_PROJECT_VERSION = 1;
				DEVELOPMENT_TEAM = "";
				GENERATE_INFOPLIST_FILE = YES;
				INFOPLIST_KEY_SUPABASE_ANON_KEY = $(SUPABASE_ANON_KEY);
				INFOPLIST_KEY_SUPABASE_URL = $(SUPABASE_URL);
				INFOPLIST_KEY_UIUserInterfaceStyle = Dark;
				IPHONEOS_DEPLOYMENT_TARGET = 17.0;
				LD_RUNPATH_SEARCH_PATHS = (
					"$(inherited)",
					"@executable_path/Frameworks",
				);
				MARKETING_VERSION = 1.0;
				PRODUCT_BUNDLE_IDENTIFIER = com.resetbaseline.Baseline;
				PRODUCT_NAME = "$(TARGET_NAME)";
				SDKROOT = iphoneos;
				SWIFT_EMIT_LOC_STRINGS = YES;
				TARGETED_DEVICE_FAMILY = "1,2";
			}; name = Release;};
		/* End XCBuildConfiguration section */

		/* Begin XCConfigurationList section */
		BE2009220DA8D4D26E532F7A /* Build configuration list for PBXProject "Baseline" */ = {isa = XCConfigurationList; buildConfigurations = (388E3F97AC66CCDB1F49DAF6 /* Debug */, 9CCF03CF8887255778B0B326 /* Release */,); defaultConfigurationIsVisible = 0; defaultConfigurationName = Release;};
		EE5E35ED54C90F6504E51A88 /* Build configuration list for PBXNativeTarget "Baseline" */ = {isa = XCConfigurationList; buildConfigurations = (5018030A9F1791DE2C44F251 /* Debug */, 743A92179B5F7CB5AC56B203 /* Release */,); defaultConfigurationIsVisible = 0; defaultConfigurationName = Release;};
		/* End XCConfigurationList section */
	};
	rootObject = 01B8062E8E9279C71004BF09 /* Project object */;
}
