// !$*UTF8*$!
{
	archiveVersion = 1;
	classes = {};
	objectVersion = 56;
	objects = {
		/* Begin PBXBuildFile section */
		2E47F24D3B10A99C1C75CA50 /* BaselineApp.swift in Sources */ = {isa = PBXBuildFile; fileRef = 6B608302DFA046A6F83BDA43 /* BaselineApp.swift */; };
		A8D40D03F9E01F99C17A6E48 /* RootView.swift in Sources */ = {isa = PBXBuildFile; fileRef = AB97C9E4AA47CCC6D3A429BE /* RootView.swift */; };
		5711A7CCB931BC96D8E9D433 /* MainTabView.swift in Sources */ = {isa = PBXBuildFile; fileRef = CC65E8BF477961CA85F68B46 /* MainTabView.swift */; };
		0B1D8E5F21D5614BCF435351 /* AppAppearance.swift in Sources */ = {isa = PBXBuildFile; fileRef = 138F0F57604CD3C4A77FC147 /* AppAppearance.swift */; };
		919F88A4AB060F3F6B2D09B3 /* Theme.swift in Sources */ = {isa = PBXBuildFile; fileRef = AE3CC4A419BF1402DD206353 /* Theme.swift */; };
		6270027922B2FABC38F04372 /* AuthManager.swift in Sources */ = {isa = PBXBuildFile; fileRef = D7F8E13346294639BC476985 /* AuthManager.swift */; };
		5F98B0BFFEA94519E1360B1F /* LoginView.swift in Sources */ = {isa = PBXBuildFile; fileRef = 169434CCA89A0F2D76AC133E /* LoginView.swift */; };
		4E5D6BBB3B043CE33DA19B59 /* SignUpView.swift in Sources */ = {isa = PBXBuildFile; fileRef = 9FB06AAE36B9E2F001B49949 /* SignUpView.swift */; };
		DA2B32413E9D8F6C30800432 /* OnboardingFlow.swift in Sources */ = {isa = PBXBuildFile; fileRef = E0DEAFB745DE443E18DF41A7 /* OnboardingFlow.swift */; };
		8ADEDF84355204C6842D5C90 /* OnboardingViewModel.swift in Sources */ = {isa = PBXBuildFile; fileRef = 7A7404682929842C605D71DF /* OnboardingViewModel.swift */; };
		8ADA0FE3D3802FF9E40C9309 /* OnboardingContentPage.swift in Sources */ = {isa = PBXBuildFile; fileRef = 05B4041945965982802119B2 /* OnboardingContentPage.swift */; };
		8E33B9386951D0D6C7664CC9 /* OnboardingScreen1.swift in Sources */ = {isa = PBXBuildFile; fileRef = 6080214E8D7A99C502AEB585 /* OnboardingScreen1.swift */; };
		9C0E39AE85DD0AEFDFB8CC8A /* OnboardingScreen2.swift in Sources */ = {isa = PBXBuildFile; fileRef = 3B9CC8CA98DD0198171FF6C8 /* OnboardingScreen2.swift */; };
		9A75682D0EE194E3DBE524BA /* OnboardingScreen3.swift in Sources */ = {isa = PBXBuildFile; fileRef = 010B9300A7698719EBC7FAED /* OnboardingScreen3.swift */; };
		4ECE443590041EDC514A17D6 /* LongTermGoalsView.swift in Sources */ = {isa = PBXBuildFile; fileRef = B767C2222A436885D6498014 /* LongTermGoalsView.swift */; };
		E314DF5B4DBBB0C9DAABE33A /* OnboardingScreen4.swift in Sources */ = {isa = PBXBuildFile; fileRef = 6AD59882252AD0BB88D26C9E /* OnboardingScreen4.swift */; };
		B6BD15F61AF4DF1B83AE26FB /* OnboardingSetupView.swift in Sources */ = {isa = PBXBuildFile; fileRef = A1EB0A460BC12AB0C0323285 /* OnboardingSetupView.swift */; };
		85CC0136B62EA03428EBE50D /* HomeView.swift in Sources */ = {isa = PBXBuildFile; fileRef = 38FC95EDC92F1C55AD0AEEF6 /* HomeView.swift */; };
		0C6FEF74A9ED39AA792D56E4 /* StreakCardView.swift in Sources */ = {isa = PBXBuildFile; fileRef = DCD9416971D1B9E073E860AA /* StreakCardView.swift */; };
		774FF0F526017F419F7255D6 /* MountainProgressView.swift in Sources */ = {isa = PBXBuildFile; fileRef = B679B30BD2B171F2CA479F08 /* MountainProgressView.swift */; };
		51F29CF5F1BB070B3439D71A /* HomeViewModel.swift in Sources */ = {isa = PBXBuildFile; fileRef = 254185190A4481F5C6F72058 /* HomeViewModel.swift */; };
		0F3A048406A4CAFF523FC695 /* CheckInFlow.swift in Sources */ = {isa = PBXBuildFile; fileRef = E065D17029038BDBA1403CFB /* CheckInFlow.swift */; };
		89D5904ED08910DE9FCE9EFA /* ReflectionQuestionBank.swift in Sources */ = {isa = PBXBuildFile; fileRef = CD652A4D84F0B52701E21FEC /* ReflectionQuestionBank.swift */; };
		A62E81826C7DD47A7F830774 /* GoalReviewView.swift in Sources */ = {isa = PBXBuildFile; fileRef = 26273CF1814789499E44F5AF /* GoalReviewView.swift */; };
		ED03F0A5997756232CDE62CA /* ReflectionView.swift in Sources */ = {isa = PBXBuildFile; fileRef = 80FB20BE143F23E4225E6E32 /* ReflectionView.swift */; };
		DEBCD8ABB5C3581BD926B866 /* PlanTomorrowView.swift in Sources */ = {isa = PBXBuildFile; fileRef = 389495B975D9615367362224 /* PlanTomorrowView.swift */; };
		C217A67D2D21E1CEFDAA73B9 /* DayResultView.swift in Sources */ = {isa = PBXBuildFile; fileRef = 30060A640CE20786C74504A7 /* DayResultView.swift */; };
		82C02A5ADF98572053E428E2 /* CheckInViewModel.swift in Sources */ = {isa = PBXBuildFile; fileRef = F656A9C132B29A14BEC75CF3 /* CheckInViewModel.swift */; };
		779090D9250AF8AD459FBC55 /* CoachView.swift in Sources */ = {isa = PBXBuildFile; fileRef = F68ADE33AB8179B795347C09 /* CoachView.swift */; };
		90676534BE04AEE1A35BAC00 /* CoachMessageView.swift in Sources */ = {isa = PBXBuildFile; fileRef = 37DBEEFE18684B1243C308BE /* CoachMessageView.swift */; };
		E084F60DA0B3E4BD19722034 /* CoachViewModel.swift in Sources */ = {isa = PBXBuildFile; fileRef = 6FA17DD7FDFEB3AC520D99E7 /* CoachViewModel.swift */; };
		FFB3D7BE8B1EB5AC4D56B40F /* TimersView.swift in Sources */ = {isa = PBXBuildFile; fileRef = 2C102698652941880B45CA76 /* TimersView.swift */; };
		01802C24355A5367B25F8E61 /* TimerRunningView.swift in Sources */ = {isa = PBXBuildFile; fileRef = C767A5EA3B6D2FC20D401867 /* TimerRunningView.swift */; };
		92B9D1282926C55ED3FA846E /* TimersViewModel.swift in Sources */ = {isa = PBXBuildFile; fileRef = F37DF6BA4D491FCF2DD81BDD /* TimersViewModel.swift */; };
		9FE072DE36B5958C033DD0FA /* ProfileView.swift in Sources */ = {isa = PBXBuildFile; fileRef = 504DF53EA720219A5CA70F6B /* ProfileView.swift */; };
		7AA33C105A3C394475380672 /* ProfileViewModel.swift in Sources */ = {isa = PBXBuildFile; fileRef = FFEAA4CA585CE41EEBF8F8EE /* ProfileViewModel.swift */; };
		85F7B6E9874C90F233B9E496 /* GateView.swift in Sources */ = {isa = PBXBuildFile; fileRef = 2AADFC5536B6170529B2C652 /* GateView.swift */; };
		2031A0484934F6D8A94413F8 /* GateViewModel.swift in Sources */ = {isa = PBXBuildFile; fileRef = 1713B1A432598FC01715A768 /* GateViewModel.swift */; };
		433CA4F9495B86BE307C7413 /* MessageToSelfView.swift in Sources */ = {isa = PBXBuildFile; fileRef = C6A935F9F6280B0C60A0AE12 /* MessageToSelfView.swift */; };
		7C43BD7C2D347921DE2A7C22 /* MessageToSelfViewModel.swift in Sources */ = {isa = PBXBuildFile; fileRef = 37584CF1C6E4B46082E5ED3C /* MessageToSelfViewModel.swift */; };
		998EB2AF92DAC4DCD73FDBEF /* APIClient.swift in Sources */ = {isa = PBXBuildFile; fileRef = 9E1C2666A930DB327CC4E09D /* APIClient.swift */; };
		17DBF5920D4B1115F3B6E4A2 /* SupabaseClient.swift in Sources */ = {isa = PBXBuildFile; fileRef = 7FA9296C83B9229DE535ADF9 /* SupabaseClient.swift */; };
		63E16452B3DEF77744DC6433 /* BaselineButton.swift in Sources */ = {isa = PBXBuildFile; fileRef = F9534196D953269057E2873B /* BaselineButton.swift */; };
		B8C0A55157A3D4E19F2C8E01 /* CoachAssistModal.swift in Sources */ = {isa = PBXBuildFile; fileRef = A7B9C44046293D308E1B7D00 /* CoachAssistModal.swift */; };
		69E06032E6422E874F0B33EC /* GoalRowView.swift in Sources */ = {isa = PBXBuildFile; fileRef = 6AB509C6E3EDD8B2938C56F8 /* GoalRowView.swift */; };
		5F1B41814AE03AC80F3D1822 /* StreakBadgeView.swift in Sources */ = {isa = PBXBuildFile; fileRef = 7029764909D8493E68A01E26 /* StreakBadgeView.swift */; };
		0432068355922841A00529A5 /* Day.swift in Sources */ = {isa = PBXBuildFile; fileRef = A9E549729BF298087A139F99 /* Day.swift */; };
		73635CD31CFD4803DAF9B23D /* Goal.swift in Sources */ = {isa = PBXBuildFile; fileRef = 64B5B5C049F24656850355FA /* Goal.swift */; };
		49C207BBB42AA580642484B0 /* Streak.swift in Sources */ = {isa = PBXBuildFile; fileRef = 67CE725D228F1DD5FDC79DBD /* Streak.swift */; };
		29B63B3F3B116DFB8F53C295 /* CheckIn.swift in Sources */ = {isa = PBXBuildFile; fileRef = DD7B570C4D1628B42077F248 /* CheckIn.swift */; };
		802279241B2BF9CF74BB3D48 /* User.swift in Sources */ = {isa = PBXBuildFile; fileRef = E2F6AEB5BE434A8132504F80 /* User.swift */; };
		F077F9F52854E442C0A1B758 /* Supabase in Frameworks */ = {isa = PBXBuildFile; productRef = C56383A296663F4CE7C550D6 /* Supabase */; };
		2E088AD56F1758787BE247D9 /* Assets.xcassets in Resources */ = {isa = PBXBuildFile; fileRef = 8E6FFF1BF516CDFC07346ABC /* Assets.xcassets */; };
		/* End PBXBuildFile section */

		/* Begin PBXFileReference section */
		3A09979548638458629D61B8 /* Baseline.app */ = {isa = PBXFileReference; explicitFileType = wrapper.application; includeInIndex = 0; path = Baseline.app; sourceTree = BUILT_PRODUCTS_DIR; };
		6B608302DFA046A6F83BDA43 /* BaselineApp.swift */ = {isa = PBXFileReference; lastKnownFileType = sourcecode.swift; path = BaselineApp.swift; sourceTree = "<group>"; };
		AB97C9E4AA47CCC6D3A429BE /* RootView.swift */ = {isa = PBXFileReference; lastKnownFileType = sourcecode.swift; path = RootView.swift; sourceTree = "<group>"; };
		CC65E8BF477961CA85F68B46 /* MainTabView.swift */ = {isa = PBXFileReference; lastKnownFileType = sourcecode.swift; path = MainTabView.swift; sourceTree = "<group>"; };
		138F0F57604CD3C4A77FC147 /* AppAppearance.swift */ = {isa = PBXFileReference; lastKnownFileType = sourcecode.swift; path = AppAppearance.swift; sourceTree = "<group>"; };
		AE3CC4A419BF1402DD206353 /* Theme.swift */ = {isa = PBXFileReference; lastKnownFileType = sourcecode.swift; path = Theme.swift; sourceTree = "<group>"; };
		D7F8E13346294639BC476985 /* AuthManager.swift */ = {isa = PBXFileReference; lastKnownFileType = sourcecode.swift; path = AuthManager.swift; sourceTree = "<group>"; };
		169434CCA89A0F2D76AC133E /* LoginView.swift */ = {isa = PBXFileReference; lastKnownFileType = sourcecode.swift; path = LoginView.swift; sourceTree = "<group>"; };
		9FB06AAE36B9E2F001B49949 /* SignUpView.swift */ = {isa = PBXFileReference; lastKnownFileType = sourcecode.swift; path = SignUpView.swift; sourceTree = "<group>"; };
		E0DEAFB745DE443E18DF41A7 /* OnboardingFlow.swift */ = {isa = PBXFileReference; lastKnownFileType = sourcecode.swift; path = OnboardingFlow.swift; sourceTree = "<group>"; };
		7A7404682929842C605D71DF /* OnboardingViewModel.swift */ = {isa = PBXFileReference; lastKnownFileType = sourcecode.swift; path = OnboardingViewModel.swift; sourceTree = "<group>"; };
		05B4041945965982802119B2 /* OnboardingContentPage.swift */ = {isa = PBXFileReference; lastKnownFileType = sourcecode.swift; path = OnboardingContentPage.swift; sourceTree = "<group>"; };
		6080214E8D7A99C502AEB585 /* OnboardingScreen1.swift */ = {isa = PBXFileReference; lastKnownFileType = sourcecode.swift; path = OnboardingScreen1.swift; sourceTree = "<group>"; };
		3B9CC8CA98DD0198171FF6C8 /* OnboardingScreen2.swift */ = {isa = PBXFileReference; lastKnownFileType = sourcecode.swift; path = OnboardingScreen2.swift; sourceTree = "<group>"; };
		010B9300A7698719EBC7FAED /* OnboardingScreen3.swift */ = {isa = PBXFileReference; lastKnownFileType = sourcecode.swift; path = OnboardingScreen3.swift; sourceTree = "<group>"; };
		B767C2222A436885D6498014 /* LongTermGoalsView.swift */ = {isa = PBXFileReference; lastKnownFileType = sourcecode.swift; path = LongTermGoalsView.swift; sourceTree = "<group>"; };
		6AD59882252AD0BB88D26C9E /* OnboardingScreen4.swift */ = {isa = PBXFileReference; lastKnownFileType = sourcecode.swift; path = OnboardingScreen4.swift; sourceTree = "<group>"; };
		A1EB0A460BC12AB0C0323285 /* OnboardingSetupView.swift */ = {isa = PBXFileReference; lastKnownFileType = sourcecode.swift; path = OnboardingSetupView.swift; sourceTree = "<group>"; };
		38FC95EDC92F1C55AD0AEEF6 /* HomeView.swift */ = {isa = PBXFileReference; lastKnownFileType = sourcecode.swift; path = HomeView.swift; sourceTree = "<group>"; };
		DCD9416971D1B9E073E860AA /* StreakCardView.swift */ = {isa = PBXFileReference; lastKnownFileType = sourcecode.swift; path = StreakCardView.swift; sourceTree = "<group>"; };
		B679B30BD2B171F2CA479F08 /* MountainProgressView.swift */ = {isa = PBXFileReference; lastKnownFileType = sourcecode.swift; path = MountainProgressView.swift; sourceTree = "<group>"; };
		254185190A4481F5C6F72058 /* HomeViewModel.swift */ = {isa = PBXFileReference; lastKnownFileType = sourcecode.swift; path = HomeViewModel.swift; sourceTree = "<group>"; };
		E065D17029038BDBA1403CFB /* CheckInFlow.swift */ = {isa = PBXFileReference; lastKnownFileType = sourcecode.swift; path = CheckInFlow.swift; sourceTree = "<group>"; };
		CD652A4D84F0B52701E21FEC /* ReflectionQuestionBank.swift */ = {isa = PBXFileReference; lastKnownFileType = sourcecode.swift; path = ReflectionQuestionBank.swift; sourceTree = "<group>"; };
		26273CF1814789499E44F5AF /* GoalReviewView.swift */ = {isa = PBXFileReference; lastKnownFileType = sourcecode.swift; path = GoalReviewView.swift; sourceTree = "<group>"; };
		80FB20BE143F23E4225E6E32 /* ReflectionView.swift */ = {isa = PBXFileReference; lastKnownFileType = sourcecode.swift; path = ReflectionView.swift; sourceTree = "<group>"; };
		389495B975D9615367362224 /* PlanTomorrowView.swift */ = {isa = PBXFileReference; lastKnownFileType = sourcecode.swift; path = PlanTomorrowView.swift; sourceTree = "<group>"; };
		30060A640CE20786C74504A7 /* DayResultView.swift */ = {isa = PBXFileReference; lastKnownFileType = sourcecode.swift; path = DayResultView.swift; sourceTree = "<group>"; };
		F656A9C132B29A14BEC75CF3 /* CheckInViewModel.swift */ = {isa = PBXFileReference; lastKnownFileType = sourcecode.swift; path = CheckInViewModel.swift; sourceTree = "<group>"; };
		F68ADE33AB8179B795347C09 /* CoachView.swift */ = {isa = PBXFileReference; lastKnownFileType = sourcecode.swift; path = CoachView.swift; sourceTree = "<group>"; };
		37DBEEFE18684B1243C308BE /* CoachMessageView.swift */ = {isa = PBXFileReference; lastKnownFileType = sourcecode.swift; path = CoachMessageView.swift; sourceTree = "<group>"; };
		6FA17DD7FDFEB3AC520D99E7 /* CoachViewModel.swift */ = {isa = PBXFileReference; lastKnownFileType = sourcecode.swift; path = CoachViewModel.swift; sourceTree = "<group>"; };
		2C102698652941880B45CA76 /* TimersView.swift */ = {isa = PBXFileReference; lastKnownFileType = sourcecode.swift; path = TimersView.swift; sourceTree = "<group>"; };
		C767A5EA3B6D2FC20D401867 /* TimerRunningView.swift */ = {isa = PBXFileReference; lastKnownFileType = sourcecode.swift; path = TimerRunningView.swift; sourceTree = "<group>"; };
		F37DF6BA4D491FCF2DD81BDD /* TimersViewModel.swift */ = {isa = PBXFileReference; lastKnownFileType = sourcecode.swift; path = TimersViewModel.swift; sourceTree = "<group>"; };
		504DF53EA720219A5CA70F6B /* ProfileView.swift */ = {isa = PBXFileReference; lastKnownFileType = sourcecode.swift; path = ProfileView.swift; sourceTree = "<group>"; };
		FFEAA4CA585CE41EEBF8F8EE /* ProfileViewModel.swift */ = {isa = PBXFileReference; lastKnownFileType = sourcecode.swift; path = ProfileViewModel.swift; sourceTree = "<group>"; };
		2AADFC5536B6170529B2C652 /* GateView.swift */ = {isa = PBXFileReference; lastKnownFileType = sourcecode.swift; path = GateView.swift; sourceTree = "<group>"; };
		1713B1A432598FC01715A768 /* GateViewModel.swift */ = {isa = PBXFileReference; lastKnownFileType = sourcecode.swift; path = GateViewModel.swift; sourceTree = "<group>"; };
		C6A935F9F6280B0C60A0AE12 /* MessageToSelfView.swift */ = {isa = PBXFileReference; lastKnownFileType = sourcecode.swift; path = MessageToSelfView.swift; sourceTree = "<group>"; };
		37584CF1C6E4B46082E5ED3C /* MessageToSelfViewModel.swift */ = {isa = PBXFileReference; lastKnownFileType = sourcecode.swift; path = MessageToSelfViewModel.swift; sourceTree = "<group>"; };
		9E1C2666A930DB327CC4E09D /* APIClient.swift */ = {isa = PBXFileReference; lastKnownFileType = sourcecode.swift; path = APIClient.swift; sourceTree = "<group>"; };
		7FA9296C83B9229DE535ADF9 /* SupabaseClient.swift */ = {isa = PBXFileReference; lastKnownFileType = sourcecode.swift; path = SupabaseClient.swift; sourceTree = "<group>"; };
		F9534196D953269057E2873B /* BaselineButton.swift */ = {isa = PBXFileReference; lastKnownFileType = sourcecode.swift; path = BaselineButton.swift; sourceTree = "<group>"; };
		A7B9C44046293D308E1B7D00 /* CoachAssistModal.swift */ = {isa = PBXFileReference; lastKnownFileType = sourcecode.swift; path = CoachAssistModal.swift; sourceTree = "<group>"; };
		6AB509C6E3EDD8B2938C56F8 /* GoalRowView.swift */ = {isa = PBXFileReference; lastKnownFileType = sourcecode.swift; path = GoalRowView.swift; sourceTree = "<group>"; };
		7029764909D8493E68A01E26 /* StreakBadgeView.swift */ = {isa = PBXFileReference; lastKnownFileType = sourcecode.swift; path = StreakBadgeView.swift; sourceTree = "<group>"; };
		A9E549729BF298087A139F99 /* Day.swift */ = {isa = PBXFileReference; lastKnownFileType = sourcecode.swift; path = Day.swift; sourceTree = "<group>"; };
		64B5B5C049F24656850355FA /* Goal.swift */ = {isa = PBXFileReference; lastKnownFileType = sourcecode.swift; path = Goal.swift; sourceTree = "<group>"; };
		67CE725D228F1DD5FDC79DBD /* Streak.swift */ = {isa = PBXFileReference; lastKnownFileType = sourcecode.swift; path = Streak.swift; sourceTree = "<group>"; };
		DD7B570C4D1628B42077F248 /* CheckIn.swift */ = {isa = PBXFileReference; lastKnownFileType = sourcecode.swift; path = CheckIn.swift; sourceTree = "<group>"; };
		E2F6AEB5BE434A8132504F80 /* User.swift */ = {isa = PBXFileReference; lastKnownFileType = sourcecode.swift; path = User.swift; sourceTree = "<group>"; };
		8E6FFF1BF516CDFC07346ABC /* Assets.xcassets */ = {isa = PBXFileReference; lastKnownFileType = folder.assetcatalog; path = Assets.xcassets; sourceTree = "<group>"; };
		74C73F4B750299335CA9ED9B /* Config.xcconfig */ = {isa = PBXFileReference; lastKnownFileType = text.xcconfig; path = Config/Config.xcconfig; sourceTree = SOURCE_ROOT; };
		/* End PBXFileReference section */

		/* Begin PBXFrameworksBuildPhase section */
		6F2489E72A79DA0E6DDC5F4D /* Frameworks */ = {
			isa = PBXFrameworksBuildPhase;
			buildActionMask = 2147483647;
			files = (
				F077F9F52854E442C0A1B758 /* Supabase in Frameworks */,
			);
			runOnlyForDeploymentPostprocessing = 0;
		};
		/* End PBXFrameworksBuildPhase section */

		/* Begin PBXGroup section */
		1D9F04E589A441D7454D6C09 /* App */ = {isa = PBXGroup; children = (6B608302DFA046A6F83BDA43 /* BaselineApp.swift */, AB97C9E4AA47CCC6D3A429BE /* RootView.swift */, CC65E8BF477961CA85F68B46 /* MainTabView.swift */, 138F0F57604CD3C4A77FC147 /* AppAppearance.swift */); path = App; sourceTree = "<group>"; };
		9E18B92942D428B35B3CD772 /* Theme */ = {isa = PBXGroup; children = (AE3CC4A419BF1402DD206353 /* Theme.swift */); path = Theme; sourceTree = "<group>"; };
		55B57DBE07779F36859578A7 /* Auth */ = {isa = PBXGroup; children = (D7F8E13346294639BC476985 /* AuthManager.swift */, 169434CCA89A0F2D76AC133E /* LoginView.swift */, 9FB06AAE36B9E2F001B49949 /* SignUpView.swift */); path = Auth; sourceTree = "<group>"; };
		233369112C82D0D4F47C2098 /* Onboarding */ = {isa = PBXGroup; children = (E0DEAFB745DE443E18DF41A7 /* OnboardingFlow.swift */, 7A7404682929842C605D71DF /* OnboardingViewModel.swift */, 05B4041945965982802119B2 /* OnboardingContentPage.swift */, 6080214E8D7A99C502AEB585 /* OnboardingScreen1.swift */, 3B9CC8CA98DD0198171FF6C8 /* OnboardingScreen2.swift */, 010B9300A7698719EBC7FAED /* OnboardingScreen3.swift */, B767C2222A436885D6498014 /* LongTermGoalsView.swift */, 6AD59882252AD0BB88D26C9E /* OnboardingScreen4.swift */, A1EB0A460BC12AB0C0323285 /* OnboardingSetupView.swift */); path = Onboarding; sourceTree = "<group>"; };
		937C8479EC9A21425371EB64 /* Home */ = {isa = PBXGroup; children = (38FC95EDC92F1C55AD0AEEF6 /* HomeView.swift */, DCD9416971D1B9E073E860AA /* StreakCardView.swift */, B679B30BD2B171F2CA479F08 /* MountainProgressView.swift */, 254185190A4481F5C6F72058 /* HomeViewModel.swift */); path = Home; sourceTree = "<group>"; };
		D397D95D84026B9F742B606B /* CheckIn */ = {isa = PBXGroup; children = (E065D17029038BDBA1403CFB /* CheckInFlow.swift */, CD652A4D84F0B52701E21FEC /* ReflectionQuestionBank.swift */, 26273CF1814789499E44F5AF /* GoalReviewView.swift */, 80FB20BE143F23E4225E6E32 /* ReflectionView.swift */, 389495B975D9615367362224 /* PlanTomorrowView.swift */, 30060A640CE20786C74504A7 /* DayResultView.swift */, F656A9C132B29A14BEC75CF3 /* CheckInViewModel.swift */); path = CheckIn; sourceTree = "<group>"; };
		F3CAD74F5E74515B492B89F0 /* Coach */ = {isa = PBXGroup; children = (F68ADE33AB8179B795347C09 /* CoachView.swift */, 37DBEEFE18684B1243C308BE /* CoachMessageView.swift */, 6FA17DD7FDFEB3AC520D99E7 /* CoachViewModel.swift */); path = Coach; sourceTree = "<group>"; };
		B29B59206FF45D749153FD6A /* Timers */ = {isa = PBXGroup; children = (2C102698652941880B45CA76 /* TimersView.swift */, C767A5EA3B6D2FC20D401867 /* TimerRunningView.swift */, F37DF6BA4D491FCF2DD81BDD /* TimersViewModel.swift */); path = Timers; sourceTree = "<group>"; };
		061DE0C62CB6DFF0F73E7BFE /* Profile */ = {isa = PBXGroup; children = (504DF53EA720219A5CA70F6B /* ProfileView.swift */, FFEAA4CA585CE41EEBF8F8EE /* ProfileViewModel.swift */); path = Profile; sourceTree = "<group>"; };
		F826E2E7186B06759A4F4BFE /* Gate */ = {isa = PBXGroup; children = (2AADFC5536B6170529B2C652 /* GateView.swift */, 1713B1A432598FC01715A768 /* GateViewModel.swift */); path = Gate; sourceTree = "<group>"; };
		D366670FB28CB859667FA210 /* MessageToSelf */ = {isa = PBXGroup; children = (C6A935F9F6280B0C60A0AE12 /* MessageToSelfView.swift */, 37584CF1C6E4B46082E5ED3C /* MessageToSelfViewModel.swift */); path = MessageToSelf; sourceTree = "<group>"; };
		DEF721EA992AC842BAF7F8DE /* Components */ = {isa = PBXGroup; children = (F9534196D953269057E2873B /* BaselineButton.swift */, A7B9C44046293D308E1B7D00 /* CoachAssistModal.swift */, 6AB509C6E3EDD8B2938C56F8 /* GoalRowView.swift */, 7029764909D8493E68A01E26 /* StreakBadgeView.swift */); path = Components; sourceTree = "<group>"; };
		7BCE066EAF26C0648E3490F3 /* Shared */ = {isa = PBXGroup; children = (9E1C2666A930DB327CC4E09D /* APIClient.swift */, 7FA9296C83B9229DE535ADF9 /* SupabaseClient.swift */, DEF721EA992AC842BAF7F8DE /* Components */); path = Shared; sourceTree = "<group>"; };
		62811DB90A3004F1C4290F01 /* Models */ = {isa = PBXGroup; children = (A9E549729BF298087A139F99 /* Day.swift */, 64B5B5C049F24656850355FA /* Goal.swift */, 67CE725D228F1DD5FDC79DBD /* Streak.swift */, DD7B570C4D1628B42077F248 /* CheckIn.swift */, E2F6AEB5BE434A8132504F80 /* User.swift */); path = Models; sourceTree = "<group>"; };
		512719A8CA53E8B5CB996A45 /* Baseline */ = {isa = PBXGroup; children = (1D9F04E589A441D7454D6C09 /* App */, 9E18B92942D428B35B3CD772 /* Theme */, 55B57DBE07779F36859578A7 /* Auth */, 233369112C82D0D4F47C2098 /* Onboarding */, 937C8479EC9A21425371EB64 /* Home */, D397D95D84026B9F742B606B /* CheckIn */, F3CAD74F5E74515B492B89F0 /* Coach */, B29B59206FF45D749153FD6A /* Timers */, 061DE0C62CB6DFF0F73E7BFE /* Profile */, F826E2E7186B06759A4F4BFE /* Gate */, D366670FB28CB859667FA210 /* MessageToSelf */, 7BCE066EAF26C0648E3490F3 /* Shared */, 62811DB90A3004F1C4290F01 /* Models */, 8E6FFF1BF516CDFC07346ABC /* Assets.xcassets */); path = Baseline; sourceTree = "<group>"; };
		094A0658FD2C46F486ADC156 /* Products */ = {isa = PBXGroup; children = (3A09979548638458629D61B8 /* Baseline.app */,); name = Products; sourceTree = "<group>"; };
		043FF926B6BEE323B70F868E = {isa = PBXGroup; children = (512719A8CA53E8B5CB996A45 /* Baseline */, 094A0658FD2C46F486ADC156 /* Products */, 74C73F4B750299335CA9ED9B /* Config.xcconfig */,); sourceTree = "<group>"; };
		/* End PBXGroup section */

		/* Begin PBXNativeTarget section */
		4E10291052DC5470100E3D41 /* Baseline */ = {
			isa = PBXNativeTarget;
			buildConfigurationList = A0E6DAEF2CF3357927FF83CD /* Build configuration list for PBXNativeTarget "Baseline" */;
			buildPhases = (
				614D6EF3941C17E90C1E8EF4 /* Sources */,
				6F2489E72A79DA0E6DDC5F4D /* Frameworks */,
				721432BCE96390BDD5929B48 /* Resources */,
			);
			buildRules = ();
			dependencies = ();
			name = Baseline;
			packageProductDependencies = (
				C56383A296663F4CE7C550D6 /* Supabase */,
			);
			productName = Baseline;
			productReference = 3A09979548638458629D61B8 /* Baseline.app */;
			productType = "com.apple.product-type.application";
		};
		/* End PBXNativeTarget section */

		/* Begin PBXProject section */
		812EB4490337190D12E500ED /* Project object */ = {
			isa = PBXProject;
			attributes = {BuildIndependentTargetsInParallel = 1; LastSwiftUpdateCheck = 1500; LastUpgradeCheck = 1500;};
			buildConfigurationList = CC19139B51BF882E4F772219 /* Build configuration list for PBXProject "Baseline" */;
			compatibilityVersion = "Xcode 14.0";
			developmentRegion = en;
			hasScannedForEncodings = 0;
			knownRegions = (en, Base,);
			mainGroup = 043FF926B6BEE323B70F868E;
			packageReferences = (
				569D202C700AF3A56732B647 /* XCRemoteSwiftPackageReference "supabase-swift" */,
			);
			productRefGroup = 094A0658FD2C46F486ADC156 /* Products */;
			projectDirPath = "";
			projectRoot = "";
			targets = (
				4E10291052DC5470100E3D41 /* Baseline */,
			);
		};
		/* End PBXProject section */

		/* Begin PBXResourcesBuildPhase section */
		721432BCE96390BDD5929B48 /* Resources */ = {
			isa = PBXResourcesBuildPhase;
			buildActionMask = 2147483647;
			files = (
				2E088AD56F1758787BE247D9 /* Assets.xcassets in Resources */,
			);
			runOnlyForDeploymentPostprocessing = 0;
		};
		/* End PBXResourcesBuildPhase section */

		/* Begin PBXSourcesBuildPhase section */
		614D6EF3941C17E90C1E8EF4 /* Sources */ = {
			isa = PBXSourcesBuildPhase;
			buildActionMask = 2147483647;
			files = (
				2E47F24D3B10A99C1C75CA50 /* BaselineApp.swift in Sources */,
				A8D40D03F9E01F99C17A6E48 /* RootView.swift in Sources */,
				5711A7CCB931BC96D8E9D433 /* MainTabView.swift in Sources */,
				0B1D8E5F21D5614BCF435351 /* AppAppearance.swift in Sources */,
				919F88A4AB060F3F6B2D09B3 /* Theme.swift in Sources */,
				6270027922B2FABC38F04372 /* AuthManager.swift in Sources */,
				5F98B0BFFEA94519E1360B1F /* LoginView.swift in Sources */,
				4E5D6BBB3B043CE33DA19B59 /* SignUpView.swift in Sources */,
				DA2B32413E9D8F6C30800432 /* OnboardingFlow.swift in Sources */,
				8ADEDF84355204C6842D5C90 /* OnboardingViewModel.swift in Sources */,
				8ADA0FE3D3802FF9E40C9309 /* OnboardingContentPage.swift in Sources */,
				8E33B9386951D0D6C7664CC9 /* OnboardingScreen1.swift in Sources */,
				9C0E39AE85DD0AEFDFB8CC8A /* OnboardingScreen2.swift in Sources */,
				9A75682D0EE194E3DBE524BA /* OnboardingScreen3.swift in Sources */,
				4ECE443590041EDC514A17D6 /* LongTermGoalsView.swift in Sources */,
				E314DF5B4DBBB0C9DAABE33A /* OnboardingScreen4.swift in Sources */,
				B6BD15F61AF4DF1B83AE26FB /* OnboardingSetupView.swift in Sources */,
				85CC0136B62EA03428EBE50D /* HomeView.swift in Sources */,
				0C6FEF74A9ED39AA792D56E4 /* StreakCardView.swift in Sources */,
				774FF0F526017F419F7255D6 /* MountainProgressView.swift in Sources */,
				51F29CF5F1BB070B3439D71A /* HomeViewModel.swift in Sources */,
				0F3A048406A4CAFF523FC695 /* CheckInFlow.swift in Sources */,
				89D5904ED08910DE9FCE9EFA /* ReflectionQuestionBank.swift in Sources */,
				A62E81826C7DD47A7F830774 /* GoalReviewView.swift in Sources */,
				ED03F0A5997756232CDE62CA /* ReflectionView.swift in Sources */,
				DEBCD8ABB5C3581BD926B866 /* PlanTomorrowView.swift in Sources */,
				C217A67D2D21E1CEFDAA73B9 /* DayResultView.swift in Sources */,
				82C02A5ADF98572053E428E2 /* CheckInViewModel.swift in Sources */,
				779090D9250AF8AD459FBC55 /* CoachView.swift in Sources */,
				90676534BE04AEE1A35BAC00 /* CoachMessageView.swift in Sources */,
				E084F60DA0B3E4BD19722034 /* CoachViewModel.swift in Sources */,
				FFB3D7BE8B1EB5AC4D56B40F /* TimersView.swift in Sources */,
				01802C24355A5367B25F8E61 /* TimerRunningView.swift in Sources */,
				92B9D1282926C55ED3FA846E /* TimersViewModel.swift in Sources */,
				9FE072DE36B5958C033DD0FA /* ProfileView.swift in Sources */,
				7AA33C105A3C394475380672 /* ProfileViewModel.swift in Sources */,
				85F7B6E9874C90F233B9E496 /* GateView.swift in Sources */,
				2031A0484934F6D8A94413F8 /* GateViewModel.swift in Sources */,
				433CA4F9495B86BE307C7413 /* MessageToSelfView.swift in Sources */,
				7C43BD7C2D347921DE2A7C22 /* MessageToSelfViewModel.swift in Sources */,
				998EB2AF92DAC4DCD73FDBEF /* APIClient.swift in Sources */,
				17DBF5920D4B1115F3B6E4A2 /* SupabaseClient.swift in Sources */,
				63E16452B3DEF77744DC6433 /* BaselineButton.swift in Sources */,
				B8C0A55157A3D4E19F2C8E01 /* CoachAssistModal.swift in Sources */,
				69E06032E6422E874F0B33EC /* GoalRowView.swift in Sources */,
				5F1B41814AE03AC80F3D1822 /* StreakBadgeView.swift in Sources */,
				0432068355922841A00529A5 /* Day.swift in Sources */,
				73635CD31CFD4803DAF9B23D /* Goal.swift in Sources */,
				49C207BBB42AA580642484B0 /* Streak.swift in Sources */,
				29B63B3F3B116DFB8F53C295 /* CheckIn.swift in Sources */,
				802279241B2BF9CF74BB3D48 /* User.swift in Sources */,
			);
			runOnlyForDeploymentPostprocessing = 0;
		};
		/* End PBXSourcesBuildPhase section */

		/* Begin XCRemoteSwiftPackageReference section */
		569D202C700AF3A56732B647 /* XCRemoteSwiftPackageReference "supabase-swift" */ = {
			isa = XCRemoteSwiftPackageReference;
			repositoryURL = "https://github.com/supabase/supabase-swift";
			requirement = {kind = upToNextMajorVersion; minimumVersion = 2.0.0;};
		};
		/* End XCRemoteSwiftPackageReference section */

		/* Begin XCSwiftPackageProductDependency section */
		C56383A296663F4CE7C550D6 /* Supabase */ = {
			isa = XCSwiftPackageProductDependency;
			package = 569D202C700AF3A56732B647 /* XCRemoteSwiftPackageReference "supabase-swift" */;
			productName = Supabase;
		};
		/* End XCSwiftPackageProductDependency section */

		/* Begin XCBuildConfiguration section */
		E010830DD2D15DB87405D3DC /* Debug */ = {isa = XCBuildConfiguration; buildSettings = {ALWAYS_SEARCH_USER_PATHS = NO; CLANG_ENABLE_MODULES = YES; SWIFT_VERSION = 5.0;}; name = Debug;};
		5719B3C76A394028B4889865 /* Release */ = {isa = XCBuildConfiguration; buildSettings = {ALWAYS_SEARCH_USER_PATHS = NO; CLANG_ENABLE_MODULES = YES; SWIFT_VERSION = 5.0;}; name = Release;};
		1A9495BE15FA3247C3F9735D /* Debug */ = {isa = XCBuildConfiguration; baseConfigurationReference = 74C73F4B750299335CA9ED9B /* Config.xcconfig */; buildSettings = {
				CODE_SIGN_STYLE = Automatic;
				CURRENT_PROJECT_VERSION = 1;
				DEVELOPMENT_TEAM = "";
				GENERATE_INFOPLIST_FILE = YES;
				INFOPLIST_KEY_SUPABASE_ANON_KEY = $(SUPABASE_ANON_KEY);
				INFOPLIST_KEY_SUPABASE_URL = $(SUPABASE_URL);
				INFOPLIST_KEY_UIUserInterfaceStyle = Dark;
				IPHONEOS_DEPLOYMENT_TARGET = 17.0;
				LD_RUNPATH_SEARCH_PATHS = (
					"$(inherited)",
					"@executable_path/Frameworks",
				);
				MARKETING_VERSION = 1.0;
				PRODUCT_BUNDLE_IDENTIFIER = com.resetbaseline.Baseline;
				PRODUCT_NAME = "$(TARGET_NAME)";
				SDKROOT = iphoneos;
				SWIFT_EMIT_LOC_STRINGS = YES;
				TARGETED_DEVICE_FAMILY = "1,2";
			}; name = Debug;};
		3425B34D047695A646C4F4A6 /* Release */ = {isa = XCBuildConfiguration; baseConfigurationReference = 74C73F4B750299335CA9ED9B /* Config.xcconfig */; buildSettings = {
				CODE_SIGN_STYLE = Automatic;
				CURRENT_PROJECT_VERSION = 1;
				DEVELOPMENT_TEAM = "";
				GENERATE_INFOPLIST_FILE = YES;
				INFOPLIST_KEY_SUPABASE_ANON_KEY = $(SUPABASE_ANON_KEY);
				INFOPLIST_KEY_SUPABASE_URL = $(SUPABASE_URL);
				INFOPLIST_KEY_UIUserInterfaceStyle = Dark;
				IPHONEOS_DEPLOYMENT_TARGET = 17.0;
				LD_RUNPATH_SEARCH_PATHS = (
					"$(inherited)",
					"@executable_path/Frameworks",
				);
				MARKETING_VERSION = 1.0;
				PRODUCT_BUNDLE_IDENTIFIER = com.resetbaseline.Baseline;
				PRODUCT_NAME = "$(TARGET_NAME)";
				SDKROOT = iphoneos;
				SWIFT_EMIT_LOC_STRINGS = YES;
				TARGETED_DEVICE_FAMILY = "1,2";
			}; name = Release;};
		/* End XCBuildConfiguration section */

		/* Begin XCConfigurationList section */
		CC19139B51BF882E4F772219 /* Build configuration list for PBXProject "Baseline" */ = {isa = XCConfigurationList; buildConfigurations = (E010830DD2D15DB87405D3DC /* Debug */, 5719B3C76A394028B4889865 /* Release */,); defaultConfigurationIsVisible = 0; defaultConfigurationName = Release;};
		A0E6DAEF2CF3357927FF83CD /* Build configuration list for PBXNativeTarget "Baseline" */ = {isa = XCConfigurationList; buildConfigurations = (1A9495BE15FA3247C3F9735D /* Debug */, 3425B34D047695A646C4F4A6 /* Release */,); defaultConfigurationIsVisible = 0; defaultConfigurationName = Release;};
		/* End XCConfigurationList section */
	};
	rootObject = 812EB4490337190D12E500ED /* Project object */;
}
